
Microsoft Visual Studio Solution File, Format Version 12.00
# Visual Studio Express 2013 for Windows Desktop
VisualStudioVersion = 12.0.40629.0
MinimumVisualStudioVersion = 10.0.40219.1
Project("{FAE04EC0-301F-11D3-BF4B-00C04F79EFBC}") = "WindowsFormsApplication5", "WindowsFormsApplication5\WindowsFormsApplication5.csproj", "{4E4AC991-3B45-4EAD-8E8F-50DC2B64933D}"
EndProject
Global
	GlobalSection(SolutionConfigurationPlatforms) = preSolution
		Debug|Any CPU = Debug|Any CPU
		Release|Any CPU = Release|Any CPU
	EndGlobalSection
	GlobalSection(ProjectConfigurationPlatforms) = postSolution
		{4E4AC991-3B45-4EAD-8E8F-50DC2B64933D}.Debug|Any CPU.ActiveCfg = Debug|Any CPU
		{4E4AC991-3B45-4EAD-8E8F-50DC2B64933D}.Debug|Any CPU.Build.0 = Debug|Any CPU
		{4E4AC991-3B45-4EAD-8E8F-50DC2B64933D}.Release|Any CPU.ActiveCfg = Release|Any CPU
		{4E4AC991-3B45-4EAD-8E8F-50DC2B64933D}.Release|Any CPU.Build.0 = Release|Any CPU
	EndGlobalSection
	GlobalSection(SolutionProperties) = preSolution
		HideSolutionNode = FALSE
	EndGlobalSection
EndGlobal
